
Microsoft Visual Studio Solution File, Format Version 12.00
# Visual Studio 2013
Project("{FAE04EC0-301F-11D3-BF4B-00C04F79EFBC}") = "UnityVS.PotionDisaster.CSharp", "UnityVS.PotionDisaster.CSharp.csproj", "{414D6879-4ADE-1844-5798-8D17294431E1}"
EndProject
Project("{FAE04EC0-301F-11D3-BF4B-00C04F79EFBC}") = "UnityVS.PotionDisaster.CSharp.Editor", "UnityVS.PotionDisaster.CSharp.Editor.csproj", "{249A0E1D-2B2D-8F57-26A4-0E351FDCD9FA}"
EndProject
Global
	GlobalSection(SolutionConfigurationPlatforms) = preSolution
		Debug|Any CPU = Debug|Any CPU
		Release|Any CPU = Release|Any CPU
	EndGlobalSection
	GlobalSection(ProjectConfigurationPlatforms) = postSolution
		{414D6879-4ADE-1844-5798-8D17294431E1}.Debug|Any CPU.ActiveCfg = Debug|Any CPU
		{414D6879-4ADE-1844-5798-8D17294431E1}.Debug|Any CPU.Build.0 = Debug|Any CPU
		{414D6879-4ADE-1844-5798-8D17294431E1}.Release|Any CPU.ActiveCfg = Release|Any CPU
		{414D6879-4ADE-1844-5798-8D17294431E1}.Release|Any CPU.Build.0 = Release|Any CPU
		{249A0E1D-2B2D-8F57-26A4-0E351FDCD9FA}.Debug|Any CPU.ActiveCfg = Debug|Any CPU
		{249A0E1D-2B2D-8F57-26A4-0E351FDCD9FA}.Debug|Any CPU.Build.0 = Debug|Any CPU
		{249A0E1D-2B2D-8F57-26A4-0E351FDCD9FA}.Release|Any CPU.ActiveCfg = Release|Any CPU
		{249A0E1D-2B2D-8F57-26A4-0E351FDCD9FA}.Release|Any CPU.Build.0 = Release|Any CPU
	EndGlobalSection
	GlobalSection(SolutionProperties) = preSolution
		HideSolutionNode = FALSE
	EndGlobalSection
EndGlobal
